
Microsoft Visual Studio Solution File, Format Version 12.00
# Visual Studio 2012
Project("{262852C6-CD72-467D-83FE-5EEB1973A190}") = "Jumper", "Jumper.jsproj", "{F4F4C552-52E1-4312-BC26-C3363B9CDB8E}"
EndProject
Global
	GlobalSection(SolutionConfigurationPlatforms) = preSolution
		Debug|Any CPU = Debug|Any CPU
		Debug|ARM = Debug|ARM
		Debug|x64 = Debug|x64
		Debug|x86 = Debug|x86
		Release|Any CPU = Release|Any CPU
		Release|ARM = Release|ARM
		Release|x64 = Release|x64
		Release|x86 = Release|x86
	EndGlobalSection
	GlobalSection(ProjectConfigurationPlatforms) = postSolution
		{F4F4C552-52E1-4312-BC26-C3363B9CDB8E}.Debug|Any CPU.ActiveCfg = Debug|Any CPU
		{F4F4C552-52E1-4312-BC26-C3363B9CDB8E}.Debug|Any CPU.Build.0 = Debug|Any CPU
		{F4F4C552-52E1-4312-BC26-C3363B9CDB8E}.Debug|Any CPU.Deploy.0 = Debug|Any CPU
		{F4F4C552-52E1-4312-BC26-C3363B9CDB8E}.Debug|ARM.ActiveCfg = Debug|ARM
		{F4F4C552-52E1-4312-BC26-C3363B9CDB8E}.Debug|ARM.Build.0 = Debug|ARM
		{F4F4C552-52E1-4312-BC26-C3363B9CDB8E}.Debug|ARM.Deploy.0 = Debug|ARM
		{F4F4C552-52E1-4312-BC26-C3363B9CDB8E}.Debug|x64.ActiveCfg = Debug|x64
		{F4F4C552-52E1-4312-BC26-C3363B9CDB8E}.Debug|x64.Build.0 = Debug|x64
		{F4F4C552-52E1-4312-BC26-C3363B9CDB8E}.Debug|x64.Deploy.0 = Debug|x64
		{F4F4C552-52E1-4312-BC26-C3363B9CDB8E}.Debug|x86.ActiveCfg = Debug|x86
		{F4F4C552-52E1-4312-BC26-C3363B9CDB8E}.Debug|x86.Build.0 = Debug|x86
		{F4F4C552-52E1-4312-BC26-C3363B9CDB8E}.Debug|x86.Deploy.0 = Debug|x86
		{F4F4C552-52E1-4312-BC26-C3363B9CDB8E}.Release|Any CPU.ActiveCfg = Release|Any CPU
		{F4F4C552-52E1-4312-BC26-C3363B9CDB8E}.Release|Any CPU.Build.0 = Release|Any CPU
		{F4F4C552-52E1-4312-BC26-C3363B9CDB8E}.Release|Any CPU.Deploy.0 = Release|Any CPU
		{F4F4C552-52E1-4312-BC26-C3363B9CDB8E}.Release|ARM.ActiveCfg = Release|ARM
		{F4F4C552-52E1-4312-BC26-C3363B9CDB8E}.Release|ARM.Build.0 = Release|ARM
		{F4F4C552-52E1-4312-BC26-C3363B9CDB8E}.Release|ARM.Deploy.0 = Release|ARM
		{F4F4C552-52E1-4312-BC26-C3363B9CDB8E}.Release|x64.ActiveCfg = Release|x64
		{F4F4C552-52E1-4312-BC26-C3363B9CDB8E}.Release|x64.Build.0 = Release|x64
		{F4F4C552-52E1-4312-BC26-C3363B9CDB8E}.Release|x64.Deploy.0 = Release|x64
		{F4F4C552-52E1-4312-BC26-C3363B9CDB8E}.Release|x86.ActiveCfg = Release|x86
		{F4F4C552-52E1-4312-BC26-C3363B9CDB8E}.Release|x86.Build.0 = Release|x86
		{F4F4C552-52E1-4312-BC26-C3363B9CDB8E}.Release|x86.Deploy.0 = Release|x86
	EndGlobalSection
	GlobalSection(SolutionProperties) = preSolution
		HideSolutionNode = FALSE
	EndGlobalSection
EndGlobal
